
Microsoft Visual Studio Solution File, Format Version 12.00
# Visual Studio 15
VisualStudioVersion = 15.0.28307.489
MinimumVisualStudioVersion = 10.0.40219.1
Project("{9A19103F-16F7-4668-BE54-9A1E7A4F7556}") = "AZDO_SyncFunctions", "AZDO_SyncFunctions\AZDO_SyncFunctions.csproj", "{4E3AFC96-56C6-405B-923D-520E1815C8D3}"
EndProject
Global
	GlobalSection(SolutionConfigurationPlatforms) = preSolution
		Debug|Any CPU = Debug|Any CPU
		Release|Any CPU = Release|Any CPU
	EndGlobalSection
	GlobalSection(ProjectConfigurationPlatforms) = postSolution
		{4E3AFC96-56C6-405B-923D-520E1815C8D3}.Debug|Any CPU.ActiveCfg = Debug|Any CPU
		{4E3AFC96-56C6-405B-923D-520E1815C8D3}.Debug|Any CPU.Build.0 = Debug|Any CPU
		{4E3AFC96-56C6-405B-923D-520E1815C8D3}.Release|Any CPU.ActiveCfg = Release|Any CPU
		{4E3AFC96-56C6-405B-923D-520E1815C8D3}.Release|Any CPU.Build.0 = Release|Any CPU
	EndGlobalSection
	GlobalSection(SolutionProperties) = preSolution
		HideSolutionNode = FALSE
	EndGlobalSection
	GlobalSection(ExtensibilityGlobals) = postSolution
		SolutionGuid = {E89758A9-3410-41E9-A17B-912C0DB8E1F9}
	EndGlobalSection
EndGlobal
